{
  "name": "ducky-tkl-colors",
  "version": "1.0.0",
  "lockfileVersion": 1,
  "requires": true,
  "dependencies": {
    "simple-keyboard": {
      "version": "2.32.15",
      "resolved": "https://registry.npmjs.org/simple-keyboard/-/simple-keyboard-2.32.15.tgz",
      "integrity": "sha512-EOdpi1sGs3OEO3L/tCXkVVnmtasVb8u1WeCoRzOA7YaxQYB+XHIm5k1fWt1fw83+rFHNkTmEyCdu3gN69MJoqw=="
    }
  }
}
